
Microsoft Visual Studio Solution File, Format Version 12.00
# Visual Studio Version 17
VisualStudioVersion = 17.12.35527.113 d17.12
MinimumVisualStudioVersion = 10.0.40219.1
Project("{FAE04EC0-301F-11D3-BF4B-00C04F79EFBC}") = "TotalPOS-UI", "TotalPOS-UI\TotalPOS-UI.csproj", "{642DB68F-EE13-4CF1-9345-E16771BC337B}"
EndProject
Project("{FAE04EC0-301F-11D3-BF4B-00C04F79EFBC}") = "OpenTable", "OpenTable\OpenTable.csproj", "{1FAEBA27-15FF-4103-98A6-C7D2BA4EAFB5}"
EndProject
Global
	GlobalSection(SolutionConfigurationPlatforms) = preSolution
		Debug|Any CPU = Debug|Any CPU
		Release|Any CPU = Release|Any CPU
	EndGlobalSection
	GlobalSection(ProjectConfigurationPlatforms) = postSolution
		{642DB68F-EE13-4CF1-9345-E16771BC337B}.Debug|Any CPU.ActiveCfg = Debug|Any CPU
		{642DB68F-EE13-4CF1-9345-E16771BC337B}.Debug|Any CPU.Build.0 = Debug|Any CPU
		{642DB68F-EE13-4CF1-9345-E16771BC337B}.Release|Any CPU.ActiveCfg = Release|Any CPU
		{642DB68F-EE13-4CF1-9345-E16771BC337B}.Release|Any CPU.Build.0 = Release|Any CPU
		{1FAEBA27-15FF-4103-98A6-C7D2BA4EAFB5}.Debug|Any CPU.ActiveCfg = Debug|Any CPU
		{1FAEBA27-15FF-4103-98A6-C7D2BA4EAFB5}.Debug|Any CPU.Build.0 = Debug|Any CPU
		{1FAEBA27-15FF-4103-98A6-C7D2BA4EAFB5}.Release|Any CPU.ActiveCfg = Release|Any CPU
		{1FAEBA27-15FF-4103-98A6-C7D2BA4EAFB5}.Release|Any CPU.Build.0 = Release|Any CPU
	EndGlobalSection
	GlobalSection(SolutionProperties) = preSolution
		HideSolutionNode = FALSE
	EndGlobalSection
EndGlobal
